
Microsoft Visual Studio Solution File, Format Version 12.00
# Visual Studio 2012
Project("{FAE04EC0-301F-11D3-BF4B-00C04F79EFBC}") = "Testing", "Testing\Testing.csproj", "{52D4ACB5-0093-4B0B-9C41-8556EE12BC10}"
EndProject
Project("{FAE04EC0-301F-11D3-BF4B-00C04F79EFBC}") = "Testing.Tests", "Testing.Tests\Testing.Tests.csproj", "{B72496FD-8A3F-473D-AA21-16BB33DD2438}"
EndProject
Global
	GlobalSection(SolutionConfigurationPlatforms) = preSolution
		Debug|Any CPU = Debug|Any CPU
		Release|Any CPU = Release|Any CPU
	EndGlobalSection
	GlobalSection(ProjectConfigurationPlatforms) = postSolution
		{52D4ACB5-0093-4B0B-9C41-8556EE12BC10}.Debug|Any CPU.ActiveCfg = Debug|Any CPU
		{52D4ACB5-0093-4B0B-9C41-8556EE12BC10}.Debug|Any CPU.Build.0 = Debug|Any CPU
		{52D4ACB5-0093-4B0B-9C41-8556EE12BC10}.Release|Any CPU.ActiveCfg = Release|Any CPU
		{52D4ACB5-0093-4B0B-9C41-8556EE12BC10}.Release|Any CPU.Build.0 = Release|Any CPU
		{B72496FD-8A3F-473D-AA21-16BB33DD2438}.Debug|Any CPU.ActiveCfg = Debug|Any CPU
		{B72496FD-8A3F-473D-AA21-16BB33DD2438}.Debug|Any CPU.Build.0 = Debug|Any CPU
		{B72496FD-8A3F-473D-AA21-16BB33DD2438}.Release|Any CPU.ActiveCfg = Release|Any CPU
		{B72496FD-8A3F-473D-AA21-16BB33DD2438}.Release|Any CPU.Build.0 = Release|Any CPU
	EndGlobalSection
	GlobalSection(SolutionProperties) = preSolution
		HideSolutionNode = FALSE
	EndGlobalSection
EndGlobal
